
Microsoft Visual Studio Solution File, Format Version 12.00
# Visual Studio 2013
VisualStudioVersion = 12.0.40629.0
MinimumVisualStudioVersion = 10.0.40219.1
Project("{FAE04EC0-301F-11D3-BF4B-00C04F79EFBC}") = "IMS-Project", "IMS-Project\IMS-Project.csproj", "{70B8B0F7-1772-41DE-ADEB-953FE8C58A7C}"
EndProject
Global
	GlobalSection(TeamFoundationVersionControl) = preSolution
		SccNumberOfProjects = 2
		SccEnterpriseProvider = {4CA58AB2-18FA-4F8D-95D4-32DDF27D184C}
		SccTeamFoundationServer = https://zulfiqarakram.visualstudio.com/defaultcollection
		SccLocalPath0 = .
		SccProjectUniqueName1 = IMS-Project\\IMS-Project.csproj
		SccProjectName1 = IMS-Project
		SccLocalPath1 = IMS-Project
	EndGlobalSection
	GlobalSection(SolutionConfigurationPlatforms) = preSolution
		Debug|Any CPU = Debug|Any CPU
		Release|Any CPU = Release|Any CPU
	EndGlobalSection
	GlobalSection(ProjectConfigurationPlatforms) = postSolution
		{70B8B0F7-1772-41DE-ADEB-953FE8C58A7C}.Debug|Any CPU.ActiveCfg = Debug|Any CPU
		{70B8B0F7-1772-41DE-ADEB-953FE8C58A7C}.Debug|Any CPU.Build.0 = Debug|Any CPU
		{70B8B0F7-1772-41DE-ADEB-953FE8C58A7C}.Release|Any CPU.ActiveCfg = Release|Any CPU
		{70B8B0F7-1772-41DE-ADEB-953FE8C58A7C}.Release|Any CPU.Build.0 = Release|Any CPU
	EndGlobalSection
	GlobalSection(SolutionProperties) = preSolution
		HideSolutionNode = FALSE
	EndGlobalSection
EndGlobal
